// !$*UTF8*$!
{
	archiveVersion = 1;
	classes = {
	};
	objectVersion = 56;
	objects = {

/* Begin PBXBuildFile section */
		990A30082C59CE6D00077062 /* Montserrat-LightItalic.ttf in Resources */ = {isa = PBXBuildFile; fileRef = 990A2FF62C59CE6C00077062 /* Montserrat-LightItalic.ttf */; };
		990A30092C59CE6D00077062 /* Montserrat-Thin.ttf in Resources */ = {isa = PBXBuildFile; fileRef = 990A2FF72C59CE6C00077062 /* Montserrat-Thin.ttf */; };
		990A300A2C59CE6D00077062 /* Montserrat-MediumItalic.ttf in Resources */ = {isa = PBXBuildFile; fileRef = 990A2FF82C59CE6C00077062 /* Montserrat-MediumItalic.ttf */; };
		990A300B2C59CE6D00077062 /* Montserrat-Regular.ttf in Resources */ = {isa = PBXBuildFile; fileRef = 990A2FF92C59CE6C00077062 /* Montserrat-Regular.ttf */; };
		990A300C2C59CE6D00077062 /* Montserrat-Light.ttf in Resources */ = {isa = PBXBuildFile; fileRef = 990A2FFA2C59CE6C00077062 /* Montserrat-Light.ttf */; };
		990A300D2C59CE6D00077062 /* Montserrat-Bold.ttf in Resources */ = {isa = PBXBuildFile; fileRef = 990A2FFB2C59CE6C00077062 /* Montserrat-Bold.ttf */; };
		990A300E2C59CE6D00077062 /* Montserrat-ExtraLightItalic.ttf in Resources */ = {isa = PBXBuildFile; fileRef = 990A2FFC2C59CE6C00077062 /* Montserrat-ExtraLightItalic.ttf */; };
		990A300F2C59CE6D00077062 /* Montserrat-BlackItalic.ttf in Resources */ = {isa = PBXBuildFile; fileRef = 990A2FFD2C59CE6C00077062 /* Montserrat-BlackItalic.ttf */; };
		990A30102C59CE6D00077062 /* Montserrat-ExtraBold.ttf in Resources */ = {isa = PBXBuildFile; fileRef = 990A2FFE2C59CE6C00077062 /* Montserrat-ExtraBold.ttf */; };
		990A30112C59CE6D00077062 /* Montserrat-SemiBold.ttf in Resources */ = {isa = PBXBuildFile; fileRef = 990A2FFF2C59CE6C00077062 /* Montserrat-SemiBold.ttf */; };
		990A30122C59CE6D00077062 /* Montserrat-ThinItalic.ttf in Resources */ = {isa = PBXBuildFile; fileRef = 990A30002C59CE6C00077062 /* Montserrat-ThinItalic.ttf */; };
		990A30132C59CE6D00077062 /* Montserrat-Italic.ttf in Resources */ = {isa = PBXBuildFile; fileRef = 990A30012C59CE6C00077062 /* Montserrat-Italic.ttf */; };
		990A30142C59CE6D00077062 /* Montserrat-ExtraBoldItalic.ttf in Resources */ = {isa = PBXBuildFile; fileRef = 990A30022C59CE6C00077062 /* Montserrat-ExtraBoldItalic.ttf */; };
		990A30152C59CE6D00077062 /* Montserrat-BoldItalic.ttf in Resources */ = {isa = PBXBuildFile; fileRef = 990A30032C59CE6C00077062 /* Montserrat-BoldItalic.ttf */; };
		990A30162C59CE6D00077062 /* Montserrat-Medium.ttf in Resources */ = {isa = PBXBuildFile; fileRef = 990A30042C59CE6C00077062 /* Montserrat-Medium.ttf */; };
		990A30172C59CE6D00077062 /* Montserrat-SemiBoldItalic.ttf in Resources */ = {isa = PBXBuildFile; fileRef = 990A30052C59CE6C00077062 /* Montserrat-SemiBoldItalic.ttf */; };
		990A30182C59CE6D00077062 /* Montserrat-Black.ttf in Resources */ = {isa = PBXBuildFile; fileRef = 990A30062C59CE6C00077062 /* Montserrat-Black.ttf */; };
		990A30192C59CE6D00077062 /* Montserrat-ExtraLight.ttf in Resources */ = {isa = PBXBuildFile; fileRef = 990A30072C59CE6D00077062 /* Montserrat-ExtraLight.ttf */; };
		990A301C2C59CE7600077062 /* Montserrat-VariableFont_wght.ttf in Resources */ = {isa = PBXBuildFile; fileRef = 990A301A2C59CE7600077062 /* Montserrat-VariableFont_wght.ttf */; };
		990A301D2C59CE7600077062 /* Montserrat-Italic-VariableFont_wght.ttf in Resources */ = {isa = PBXBuildFile; fileRef = 990A301B2C59CE7600077062 /* Montserrat-Italic-VariableFont_wght.ttf */; };
		A16B21382C53DCF800CB9870 /* LandingViewController.xib in Resources */ = {isa = PBXBuildFile; fileRef = A16B21372C53DCF800CB9870 /* LandingViewController.xib */; };
		A16B21392C53DCF800CB9870 /* LandingViewController.swift in Sources */ = {isa = PBXBuildFile; fileRef = A16B21362C53DCF800CB9870 /* LandingViewController.swift */; };
		A1BC0B742C53D8A600242F4B /* AppDelegate.swift in Sources */ = {isa = PBXBuildFile; fileRef = A1BC0B732C53D8A600242F4B /* AppDelegate.swift */; };
		A1BC0B762C53D8A600242F4B /* SceneDelegate.swift in Sources */ = {isa = PBXBuildFile; fileRef = A1BC0B752C53D8A600242F4B /* SceneDelegate.swift */; };
		A1BC0B782C53D8A600242F4B /* ViewController.swift in Sources */ = {isa = PBXBuildFile; fileRef = A1BC0B772C53D8A600242F4B /* ViewController.swift */; };
		A1BC0B7B2C53D8A600242F4B /* Base in Resources */ = {isa = PBXBuildFile; fileRef = A1BC0B7A2C53D8A600242F4B /* Base */; };
		A1BC0B7D2C53D8A900242F4B /* Assets.xcassets in Resources */ = {isa = PBXBuildFile; fileRef = A1BC0B7C2C53D8A900242F4B /* Assets.xcassets */; };
		A1BC0B802C53D8A900242F4B /* Base in Resources */ = {isa = PBXBuildFile; fileRef = A1BC0B7F2C53D8A900242F4B /* Base */; };
/* End PBXBuildFile section */

/* Begin PBXFileReference section */
		990A2FF62C59CE6C00077062 /* Montserrat-LightItalic.ttf */ = {isa = PBXFileReference; lastKnownFileType = file; path = "Montserrat-LightItalic.ttf"; sourceTree = "<group>"; };
		990A2FF72C59CE6C00077062 /* Montserrat-Thin.ttf */ = {isa = PBXFileReference; lastKnownFileType = file; path = "Montserrat-Thin.ttf"; sourceTree = "<group>"; };
		990A2FF82C59CE6C00077062 /* Montserrat-MediumItalic.ttf */ = {isa = PBXFileReference; lastKnownFileType = file; path = "Montserrat-MediumItalic.ttf"; sourceTree = "<group>"; };
		990A2FF92C59CE6C00077062 /* Montserrat-Regular.ttf */ = {isa = PBXFileReference; lastKnownFileType = file; path = "Montserrat-Regular.ttf"; sourceTree = "<group>"; };
		990A2FFA2C59CE6C00077062 /* Montserrat-Light.ttf */ = {isa = PBXFileReference; lastKnownFileType = file; path = "Montserrat-Light.ttf"; sourceTree = "<group>"; };
		990A2FFB2C59CE6C00077062 /* Montserrat-Bold.ttf */ = {isa = PBXFileReference; lastKnownFileType = file; path = "Montserrat-Bold.ttf"; sourceTree = "<group>"; };
		990A2FFC2C59CE6C00077062 /* Montserrat-ExtraLightItalic.ttf */ = {isa = PBXFileReference; lastKnownFileType = file; path = "Montserrat-ExtraLightItalic.ttf"; sourceTree = "<group>"; };
		990A2FFD2C59CE6C00077062 /* Montserrat-BlackItalic.ttf */ = {isa = PBXFileReference; lastKnownFileType = file; path = "Montserrat-BlackItalic.ttf"; sourceTree = "<group>"; };
		990A2FFE2C59CE6C00077062 /* Montserrat-ExtraBold.ttf */ = {isa = PBXFileReference; lastKnownFileType = file; path = "Montserrat-ExtraBold.ttf"; sourceTree = "<group>"; };
		990A2FFF2C59CE6C00077062 /* Montserrat-SemiBold.ttf */ = {isa = PBXFileReference; lastKnownFileType = file; path = "Montserrat-SemiBold.ttf"; sourceTree = "<group>"; };
		990A30002C59CE6C00077062 /* Montserrat-ThinItalic.ttf */ = {isa = PBXFileReference; lastKnownFileType = file; path = "Montserrat-ThinItalic.ttf"; sourceTree = "<group>"; };
		990A30012C59CE6C00077062 /* Montserrat-Italic.ttf */ = {isa = PBXFileReference; lastKnownFileType = file; path = "Montserrat-Italic.ttf"; sourceTree = "<group>"; };
		990A30022C59CE6C00077062 /* Montserrat-ExtraBoldItalic.ttf */ = {isa = PBXFileReference; lastKnownFileType = file; path = "Montserrat-ExtraBoldItalic.ttf"; sourceTree = "<group>"; };
		990A30032C59CE6C00077062 /* Montserrat-BoldItalic.ttf */ = {isa = PBXFileReference; lastKnownFileType = file; path = "Montserrat-BoldItalic.ttf"; sourceTree = "<group>"; };
		990A30042C59CE6C00077062 /* Montserrat-Medium.ttf */ = {isa = PBXFileReference; lastKnownFileType = file; path = "Montserrat-Medium.ttf"; sourceTree = "<group>"; };
		990A30052C59CE6C00077062 /* Montserrat-SemiBoldItalic.ttf */ = {isa = PBXFileReference; lastKnownFileType = file; path = "Montserrat-SemiBoldItalic.ttf"; sourceTree = "<group>"; };
		990A30062C59CE6C00077062 /* Montserrat-Black.ttf */ = {isa = PBXFileReference; lastKnownFileType = file; path = "Montserrat-Black.ttf"; sourceTree = "<group>"; };
		990A30072C59CE6D00077062 /* Montserrat-ExtraLight.ttf */ = {isa = PBXFileReference; lastKnownFileType = file; path = "Montserrat-ExtraLight.ttf"; sourceTree = "<group>"; };
		990A301A2C59CE7600077062 /* Montserrat-VariableFont_wght.ttf */ = {isa = PBXFileReference; lastKnownFileType = file; path = "Montserrat-VariableFont_wght.ttf"; sourceTree = "<group>"; };
		990A301B2C59CE7600077062 /* Montserrat-Italic-VariableFont_wght.ttf */ = {isa = PBXFileReference; lastKnownFileType = file; path = "Montserrat-Italic-VariableFont_wght.ttf"; sourceTree = "<group>"; };
		A16B21362C53DCF800CB9870 /* LandingViewController.swift */ = {isa = PBXFileReference; lastKnownFileType = sourcecode.swift; path = LandingViewController.swift; sourceTree = "<group>"; };
		A16B21372C53DCF800CB9870 /* LandingViewController.xib */ = {isa = PBXFileReference; lastKnownFileType = file.xib; path = LandingViewController.xib; sourceTree = "<group>"; };
		A1BC0B702C53D8A600242F4B /* OurWedding.app */ = {isa = PBXFileReference; explicitFileType = wrapper.application; includeInIndex = 0; path = OurWedding.app; sourceTree = BUILT_PRODUCTS_DIR; };
		A1BC0B732C53D8A600242F4B /* AppDelegate.swift */ = {isa = PBXFileReference; lastKnownFileType = sourcecode.swift; path = AppDelegate.swift; sourceTree = "<group>"; };
		A1BC0B752C53D8A600242F4B /* SceneDelegate.swift */ = {isa = PBXFileReference; lastKnownFileType = sourcecode.swift; path = SceneDelegate.swift; sourceTree = "<group>"; };
		A1BC0B772C53D8A600242F4B /* ViewController.swift */ = {isa = PBXFileReference; lastKnownFileType = sourcecode.swift; path = ViewController.swift; sourceTree = "<group>"; };
		A1BC0B7A2C53D8A600242F4B /* Base */ = {isa = PBXFileReference; lastKnownFileType = file.storyboard; name = Base; path = Base.lproj/Main.storyboard; sourceTree = "<group>"; };
		A1BC0B7C2C53D8A900242F4B /* Assets.xcassets */ = {isa = PBXFileReference; lastKnownFileType = folder.assetcatalog; path = Assets.xcassets; sourceTree = "<group>"; };
		A1BC0B7F2C53D8A900242F4B /* Base */ = {isa = PBXFileReference; lastKnownFileType = file.storyboard; name = Base; path = Base.lproj/LaunchScreen.storyboard; sourceTree = "<group>"; };
		A1BC0B812C53D8A900242F4B /* Info.plist */ = {isa = PBXFileReference; lastKnownFileType = text.plist.xml; path = Info.plist; sourceTree = "<group>"; };
/* End PBXFileReference section */

/* Begin PBXFrameworksBuildPhase section */
		A1BC0B6D2C53D8A600242F4B /* Frameworks */ = {
			isa = PBXFrameworksBuildPhase;
			buildActionMask = 2147483647;
			files = (
			);
			runOnlyForDeploymentPostprocessing = 0;
		};
/* End PBXFrameworksBuildPhase section */

/* Begin PBXGroup section */
		990A2FF52C59CE5900077062 /* Font */ = {
			isa = PBXGroup;
			children = (
				990A301B2C59CE7600077062 /* Montserrat-Italic-VariableFont_wght.ttf */,
				990A301A2C59CE7600077062 /* Montserrat-VariableFont_wght.ttf */,
				990A30062C59CE6C00077062 /* Montserrat-Black.ttf */,
				990A2FFD2C59CE6C00077062 /* Montserrat-BlackItalic.ttf */,
				990A2FFB2C59CE6C00077062 /* Montserrat-Bold.ttf */,
				990A30032C59CE6C00077062 /* Montserrat-BoldItalic.ttf */,
				990A2FFE2C59CE6C00077062 /* Montserrat-ExtraBold.ttf */,
				990A30022C59CE6C00077062 /* Montserrat-ExtraBoldItalic.ttf */,
				990A30072C59CE6D00077062 /* Montserrat-ExtraLight.ttf */,
				990A2FFC2C59CE6C00077062 /* Montserrat-ExtraLightItalic.ttf */,
				990A30012C59CE6C00077062 /* Montserrat-Italic.ttf */,
				990A2FFA2C59CE6C00077062 /* Montserrat-Light.ttf */,
				990A2FF62C59CE6C00077062 /* Montserrat-LightItalic.ttf */,
				990A30042C59CE6C00077062 /* Montserrat-Medium.ttf */,
				990A2FF82C59CE6C00077062 /* Montserrat-MediumItalic.ttf */,
				990A2FF92C59CE6C00077062 /* Montserrat-Regular.ttf */,
				990A2FFF2C59CE6C00077062 /* Montserrat-SemiBold.ttf */,
				990A30052C59CE6C00077062 /* Montserrat-SemiBoldItalic.ttf */,
				990A2FF72C59CE6C00077062 /* Montserrat-Thin.ttf */,
				990A30002C59CE6C00077062 /* Montserrat-ThinItalic.ttf */,
			);
			path = Font;
			sourceTree = "<group>";
		};
		A16B21352C53DCD500CB9870 /* Screen */ = {
			isa = PBXGroup;
			children = (
				A16B21362C53DCF800CB9870 /* LandingViewController.swift */,
				A16B21372C53DCF800CB9870 /* LandingViewController.xib */,
			);
			path = Screen;
			sourceTree = "<group>";
		};
		A16B213A2C53DDAC00CB9870 /* Base */ = {
			isa = PBXGroup;
			children = (
			);
			path = Base;
			sourceTree = "<group>";
		};
		A1BC0B672C53D8A600242F4B = {
			isa = PBXGroup;
			children = (
				A1BC0B722C53D8A600242F4B /* OurWedding */,
				A1BC0B712C53D8A600242F4B /* Products */,
			);
			sourceTree = "<group>";
		};
		A1BC0B712C53D8A600242F4B /* Products */ = {
			isa = PBXGroup;
			children = (
				A1BC0B702C53D8A600242F4B /* OurWedding.app */,
			);
			name = Products;
			sourceTree = "<group>";
		};
		A1BC0B722C53D8A600242F4B /* OurWedding */ = {
			isa = PBXGroup;
			children = (
				990A2FF52C59CE5900077062 /* Font */,
				A16B213A2C53DDAC00CB9870 /* Base */,
				A16B21352C53DCD500CB9870 /* Screen */,
				A1BC0B732C53D8A600242F4B /* AppDelegate.swift */,
				A1BC0B752C53D8A600242F4B /* SceneDelegate.swift */,
				A1BC0B772C53D8A600242F4B /* ViewController.swift */,
				A1BC0B792C53D8A600242F4B /* Main.storyboard */,
				A1BC0B7C2C53D8A900242F4B /* Assets.xcassets */,
				A1BC0B7E2C53D8A900242F4B /* LaunchScreen.storyboard */,
				A1BC0B812C53D8A900242F4B /* Info.plist */,
			);
			path = OurWedding;
			sourceTree = "<group>";
		};
/* End PBXGroup section */

/* Begin PBXNativeTarget section */
		A1BC0B6F2C53D8A600242F4B /* OurWedding */ = {
			isa = PBXNativeTarget;
			buildConfigurationList = A1BC0B842C53D8A900242F4B /* Build configuration list for PBXNativeTarget "OurWedding" */;
			buildPhases = (
				A1BC0B6C2C53D8A600242F4B /* Sources */,
				A1BC0B6D2C53D8A600242F4B /* Frameworks */,
				A1BC0B6E2C53D8A600242F4B /* Resources */,
			);
			buildRules = (
			);
			dependencies = (
			);
			name = OurWedding;
			productName = OurWedding;
			productReference = A1BC0B702C53D8A600242F4B /* OurWedding.app */;
			productType = "com.apple.product-type.application";
		};
/* End PBXNativeTarget section */

/* Begin PBXProject section */
		A1BC0B682C53D8A600242F4B /* Project object */ = {
			isa = PBXProject;
			attributes = {
				BuildIndependentTargetsInParallel = 1;
				LastSwiftUpdateCheck = 1540;
				LastUpgradeCheck = 1540;
				TargetAttributes = {
					A1BC0B6F2C53D8A600242F4B = {
						CreatedOnToolsVersion = 15.4;
					};
				};
			};
			buildConfigurationList = A1BC0B6B2C53D8A600242F4B /* Build configuration list for PBXProject "OurWedding" */;
			compatibilityVersion = "Xcode 14.0";
			developmentRegion = en;
			hasScannedForEncodings = 0;
			knownRegions = (
				en,
				Base,
			);
			mainGroup = A1BC0B672C53D8A600242F4B;
			productRefGroup = A1BC0B712C53D8A600242F4B /* Products */;
			projectDirPath = "";
			projectRoot = "";
			targets = (
				A1BC0B6F2C53D8A600242F4B /* OurWedding */,
			);
		};
/* End PBXProject section */

/* Begin PBXResourcesBuildPhase section */
		A1BC0B6E2C53D8A600242F4B /* Resources */ = {
			isa = PBXResourcesBuildPhase;
			buildActionMask = 2147483647;
			files = (
				990A30152C59CE6D00077062 /* Montserrat-BoldItalic.ttf in Resources */,
				990A300D2C59CE6D00077062 /* Montserrat-Bold.ttf in Resources */,
				990A300B2C59CE6D00077062 /* Montserrat-Regular.ttf in Resources */,
				990A300E2C59CE6D00077062 /* Montserrat-ExtraLightItalic.ttf in Resources */,
				990A30132C59CE6D00077062 /* Montserrat-Italic.ttf in Resources */,
				A1BC0B7D2C53D8A900242F4B /* Assets.xcassets in Resources */,
				A1BC0B802C53D8A900242F4B /* Base in Resources */,
				990A300C2C59CE6D00077062 /* Montserrat-Light.ttf in Resources */,
				990A301C2C59CE7600077062 /* Montserrat-VariableFont_wght.ttf in Resources */,
				990A30182C59CE6D00077062 /* Montserrat-Black.ttf in Resources */,
				990A300A2C59CE6D00077062 /* Montserrat-MediumItalic.ttf in Resources */,
				990A30162C59CE6D00077062 /* Montserrat-Medium.ttf in Resources */,
				A1BC0B7B2C53D8A600242F4B /* Base in Resources */,
				990A30102C59CE6D00077062 /* Montserrat-ExtraBold.ttf in Resources */,
				990A30082C59CE6D00077062 /* Montserrat-LightItalic.ttf in Resources */,
				990A30112C59CE6D00077062 /* Montserrat-SemiBold.ttf in Resources */,
				990A301D2C59CE7600077062 /* Montserrat-Italic-VariableFont_wght.ttf in Resources */,
				990A30142C59CE6D00077062 /* Montserrat-ExtraBoldItalic.ttf in Resources */,
				990A300F2C59CE6D00077062 /* Montserrat-BlackItalic.ttf in Resources */,
				990A30192C59CE6D00077062 /* Montserrat-ExtraLight.ttf in Resources */,
				990A30092C59CE6D00077062 /* Montserrat-Thin.ttf in Resources */,
				A16B21382C53DCF800CB9870 /* LandingViewController.xib in Resources */,
				990A30172C59CE6D00077062 /* Montserrat-SemiBoldItalic.ttf in Resources */,
				990A30122C59CE6D00077062 /* Montserrat-ThinItalic.ttf in Resources */,
			);
			runOnlyForDeploymentPostprocessing = 0;
		};
/* End PBXResourcesBuildPhase section */

/* Begin PBXSourcesBuildPhase section */
		A1BC0B6C2C53D8A600242F4B /* Sources */ = {
			isa = PBXSourcesBuildPhase;
			buildActionMask = 2147483647;
			files = (
				A1BC0B782C53D8A600242F4B /* ViewController.swift in Sources */,
				A1BC0B742C53D8A600242F4B /* AppDelegate.swift in Sources */,
				A1BC0B762C53D8A600242F4B /* SceneDelegate.swift in Sources */,
				A16B21392C53DCF800CB9870 /* LandingViewController.swift in Sources */,
			);
			runOnlyForDeploymentPostprocessing = 0;
		};
/* End PBXSourcesBuildPhase section */

/* Begin PBXVariantGroup section */
		A1BC0B792C53D8A600242F4B /* Main.storyboard */ = {
			isa = PBXVariantGroup;
			children = (
				A1BC0B7A2C53D8A600242F4B /* Base */,
			);
			name = Main.storyboard;
			sourceTree = "<group>";
		};
		A1BC0B7E2C53D8A900242F4B /* LaunchScreen.storyboard */ = {
			isa = PBXVariantGroup;
			children = (
				A1BC0B7F2C53D8A900242F4B /* Base */,
			);
			name = LaunchScreen.storyboard;
			sourceTree = "<group>";
		};
/* End PBXVariantGroup section */

/* Begin XCBuildConfiguration section */
		A1BC0B822C53D8A900242F4B /* Debug */ = {
			isa = XCBuildConfiguration;
			buildSettings = {
				ALWAYS_SEARCH_USER_PATHS = NO;
				ASSETCATALOG_COMPILER_GENERATE_SWIFT_ASSET_SYMBOL_EXTENSIONS = YES;
				CLANG_ANALYZER_NONNULL = YES;
				CLANG_ANALYZER_NUMBER_OBJECT_CONVERSION = YES_AGGRESSIVE;
				CLANG_CXX_LANGUAGE_STANDARD = "gnu++20";
				CLANG_ENABLE_MODULES = YES;
				CLANG_ENABLE_OBJC_ARC = YES;
				CLANG_ENABLE_OBJC_WEAK = YES;
				CLANG_WARN_BLOCK_CAPTURE_AUTORELEASING = YES;
				CLANG_WARN_BOOL_CONVERSION = YES;
				CLANG_WARN_COMMA = YES;
				CLANG_WARN_CONSTANT_CONVERSION = YES;
				CLANG_WARN_DEPRECATED_OBJC_IMPLEMENTATIONS = YES;
				CLANG_WARN_DIRECT_OBJC_ISA_USAGE = YES_ERROR;
				CLANG_WARN_DOCUMENTATION_COMMENTS = YES;
				CLANG_WARN_EMPTY_BODY = YES;
				CLANG_WARN_ENUM_CONVERSION = YES;
				CLANG_WARN_INFINITE_RECURSION = YES;
				CLANG_WARN_INT_CONVERSION = YES;
				CLANG_WARN_NON_LITERAL_NULL_CONVERSION = YES;
				CLANG_WARN_OBJC_IMPLICIT_RETAIN_SELF = YES;
				CLANG_WARN_OBJC_LITERAL_CONVERSION = YES;
				CLANG_WARN_OBJC_ROOT_CLASS = YES_ERROR;
				CLANG_WARN_QUOTED_INCLUDE_IN_FRAMEWORK_HEADER = YES;
				CLANG_WARN_RANGE_LOOP_ANALYSIS = YES;
				CLANG_WARN_STRICT_PROTOTYPES = YES;
				CLANG_WARN_SUSPICIOUS_MOVE = YES;
				CLANG_WARN_UNGUARDED_AVAILABILITY = YES_AGGRESSIVE;
				CLANG_WARN_UNREACHABLE_CODE = YES;
				CLANG_WARN__DUPLICATE_METHOD_MATCH = YES;
				COPY_PHASE_STRIP = NO;
				DEBUG_INFORMATION_FORMAT = dwarf;
				ENABLE_STRICT_OBJC_MSGSEND = YES;
				ENABLE_TESTABILITY = YES;
				ENABLE_USER_SCRIPT_SANDBOXING = YES;
				GCC_C_LANGUAGE_STANDARD = gnu17;
				GCC_DYNAMIC_NO_PIC = NO;
				GCC_NO_COMMON_BLOCKS = YES;
				GCC_OPTIMIZATION_LEVEL = 0;
				GCC_PREPROCESSOR_DEFINITIONS = (
					"DEBUG=1",
					"$(inherited)",
				);
				GCC_WARN_64_TO_32_BIT_CONVERSION = YES;
				GCC_WARN_ABOUT_RETURN_TYPE = YES_ERROR;
				GCC_WARN_UNDECLARED_SELECTOR = YES;
				GCC_WARN_UNINITIALIZED_AUTOS = YES_AGGRESSIVE;
				GCC_WARN_UNUSED_FUNCTION = YES;
				GCC_WARN_UNUSED_VARIABLE = YES;
				IPHONEOS_DEPLOYMENT_TARGET = 17.5;
				LOCALIZATION_PREFERS_STRING_CATALOGS = YES;
				MTL_ENABLE_DEBUG_INFO = INCLUDE_SOURCE;
				MTL_FAST_MATH = YES;
				ONLY_ACTIVE_ARCH = YES;
				SDKROOT = iphoneos;
				SWIFT_ACTIVE_COMPILATION_CONDITIONS = "DEBUG $(inherited)";
				SWIFT_OPTIMIZATION_LEVEL = "-Onone";
			};
			name = Debug;
		};
		A1BC0B832C53D8A900242F4B /* Release */ = {
			isa = XCBuildConfiguration;
			buildSettings = {
				ALWAYS_SEARCH_USER_PATHS = NO;
				ASSETCATALOG_COMPILER_GENERATE_SWIFT_ASSET_SYMBOL_EXTENSIONS = YES;
				CLANG_ANALYZER_NONNULL = YES;
				CLANG_ANALYZER_NUMBER_OBJECT_CONVERSION = YES_AGGRESSIVE;
				CLANG_CXX_LANGUAGE_STANDARD = "gnu++20";
				CLANG_ENABLE_MODULES = YES;
				CLANG_ENABLE_OBJC_ARC = YES;
				CLANG_ENABLE_OBJC_WEAK = YES;
				CLANG_WARN_BLOCK_CAPTURE_AUTORELEASING = YES;
				CLANG_WARN_BOOL_CONVERSION = YES;
				CLANG_WARN_COMMA = YES;
				CLANG_WARN_CONSTANT_CONVERSION = YES;
				CLANG_WARN_DEPRECATED_OBJC_IMPLEMENTATIONS = YES;
				CLANG_WARN_DIRECT_OBJC_ISA_USAGE = YES_ERROR;
				CLANG_WARN_DOCUMENTATION_COMMENTS = YES;
				CLANG_WARN_EMPTY_BODY = YES;
				CLANG_WARN_ENUM_CONVERSION = YES;
				CLANG_WARN_INFINITE_RECURSION = YES;
				CLANG_WARN_INT_CONVERSION = YES;
				CLANG_WARN_NON_LITERAL_NULL_CONVERSION = YES;
				CLANG_WARN_OBJC_IMPLICIT_RETAIN_SELF = YES;
				CLANG_WARN_OBJC_LITERAL_CONVERSION = YES;
				CLANG_WARN_OBJC_ROOT_CLASS = YES_ERROR;
				CLANG_WARN_QUOTED_INCLUDE_IN_FRAMEWORK_HEADER = YES;
				CLANG_WARN_RANGE_LOOP_ANALYSIS = YES;
				CLANG_WARN_STRICT_PROTOTYPES = YES;
				CLANG_WARN_SUSPICIOUS_MOVE = YES;
				CLANG_WARN_UNGUARDED_AVAILABILITY = YES_AGGRESSIVE;
				CLANG_WARN_UNREACHABLE_CODE = YES;
				CLANG_WARN__DUPLICATE_METHOD_MATCH = YES;
				COPY_PHASE_STRIP = NO;
				DEBUG_INFORMATION_FORMAT = "dwarf-with-dsym";
				ENABLE_NS_ASSERTIONS = NO;
				ENABLE_STRICT_OBJC_MSGSEND = YES;
				ENABLE_USER_SCRIPT_SANDBOXING = YES;
				GCC_C_LANGUAGE_STANDARD = gnu17;
				GCC_NO_COMMON_BLOCKS = YES;
				GCC_WARN_64_TO_32_BIT_CONVERSION = YES;
				GCC_WARN_ABOUT_RETURN_TYPE = YES_ERROR;
				GCC_WARN_UNDECLARED_SELECTOR = YES;
				GCC_WARN_UNINITIALIZED_AUTOS = YES_AGGRESSIVE;
				GCC_WARN_UNUSED_FUNCTION = YES;
				GCC_WARN_UNUSED_VARIABLE = YES;
				IPHONEOS_DEPLOYMENT_TARGET = 17.5;
				LOCALIZATION_PREFERS_STRING_CATALOGS = YES;
				MTL_ENABLE_DEBUG_INFO = NO;
				MTL_FAST_MATH = YES;
				SDKROOT = iphoneos;
				SWIFT_COMPILATION_MODE = wholemodule;
				VALIDATE_PRODUCT = YES;
			};
			name = Release;
		};
		A1BC0B852C53D8A900242F4B /* Debug */ = {
			isa = XCBuildConfiguration;
			buildSettings = {
				ASSETCATALOG_COMPILER_APPICON_NAME = AppIcon;
				ASSETCATALOG_COMPILER_GLOBAL_ACCENT_COLOR_NAME = AccentColor;
				CODE_SIGN_STYLE = Automatic;
				CURRENT_PROJECT_VERSION = 1;
				DEVELOPMENT_TEAM = V7CA33Z44U;
				GENERATE_INFOPLIST_FILE = YES;
				INFOPLIST_FILE = OurWedding/Info.plist;
				INFOPLIST_KEY_UIApplicationSupportsIndirectInputEvents = YES;
				INFOPLIST_KEY_UILaunchStoryboardName = LaunchScreen;
				INFOPLIST_KEY_UIMainStoryboardFile = Main;
				INFOPLIST_KEY_UISupportedInterfaceOrientations_iPad = "UIInterfaceOrientationPortrait UIInterfaceOrientationPortraitUpsideDown UIInterfaceOrientationLandscapeLeft UIInterfaceOrientationLandscapeRight";
				INFOPLIST_KEY_UISupportedInterfaceOrientations_iPhone = "UIInterfaceOrientationPortrait UIInterfaceOrientationLandscapeLeft UIInterfaceOrientationLandscapeRight";
				IPHONEOS_DEPLOYMENT_TARGET = 13.0;
				LD_RUNPATH_SEARCH_PATHS = (
					"$(inherited)",
					"@executable_path/Frameworks",
				);
				MARKETING_VERSION = 1.0;
				PRODUCT_BUNDLE_IDENTIFIER = ducna.OurWedding;
				PRODUCT_NAME = "$(TARGET_NAME)";
				SWIFT_EMIT_LOC_STRINGS = YES;
				SWIFT_VERSION = 5.0;
				TARGETED_DEVICE_FAMILY = "1,2";
			};
			name = Debug;
		};
		A1BC0B862C53D8A900242F4B /* Release */ = {
			isa = XCBuildConfiguration;
			buildSettings = {
				ASSETCATALOG_COMPILER_APPICON_NAME = AppIcon;
				ASSETCATALOG_COMPILER_GLOBAL_ACCENT_COLOR_NAME = AccentColor;
				CODE_SIGN_STYLE = Automatic;
				CURRENT_PROJECT_VERSION = 1;
				DEVELOPMENT_TEAM = V7CA33Z44U;
				GENERATE_INFOPLIST_FILE = YES;
				INFOPLIST_FILE = OurWedding/Info.plist;
				INFOPLIST_KEY_UIApplicationSupportsIndirectInputEvents = YES;
				INFOPLIST_KEY_UILaunchStoryboardName = LaunchScreen;
				INFOPLIST_KEY_UIMainStoryboardFile = Main;
				INFOPLIST_KEY_UISupportedInterfaceOrientations_iPad = "UIInterfaceOrientationPortrait UIInterfaceOrientationPortraitUpsideDown UIInterfaceOrientationLandscapeLeft UIInterfaceOrientationLandscapeRight";
				INFOPLIST_KEY_UISupportedInterfaceOrientations_iPhone = "UIInterfaceOrientationPortrait UIInterfaceOrientationLandscapeLeft UIInterfaceOrientationLandscapeRight";
				IPHONEOS_DEPLOYMENT_TARGET = 13.0;
				LD_RUNPATH_SEARCH_PATHS = (
					"$(inherited)",
					"@executable_path/Frameworks",
				);
				MARKETING_VERSION = 1.0;
				PRODUCT_BUNDLE_IDENTIFIER = ducna.OurWedding;
				PRODUCT_NAME = "$(TARGET_NAME)";
				SWIFT_EMIT_LOC_STRINGS = YES;
				SWIFT_VERSION = 5.0;
				TARGETED_DEVICE_FAMILY = "1,2";
			};
			name = Release;
		};
/* End XCBuildConfiguration section */

/* Begin XCConfigurationList section */
		A1BC0B6B2C53D8A600242F4B /* Build configuration list for PBXProject "OurWedding" */ = {
			isa = XCConfigurationList;
			buildConfigurations = (
				A1BC0B822C53D8A900242F4B /* Debug */,
				A1BC0B832C53D8A900242F4B /* Release */,
			);
			defaultConfigurationIsVisible = 0;
			defaultConfigurationName = Release;
		};
		A1BC0B842C53D8A900242F4B /* Build configuration list for PBXNativeTarget "OurWedding" */ = {
			isa = XCConfigurationList;
			buildConfigurations = (
				A1BC0B852C53D8A900242F4B /* Debug */,
				A1BC0B862C53D8A900242F4B /* Release */,
			);
			defaultConfigurationIsVisible = 0;
			defaultConfigurationName = Release;
		};
/* End XCConfigurationList section */
	};
	rootObject = A1BC0B682C53D8A600242F4B /* Project object */;
}
